{
  "name": "js carproject",
  "lockfileVersion": 2,
  "requires": true,
  "packages": {
    "": {
      "dependencies": {
        "chak": "^0.0.1-security",
        "chalk": "^5.0.1"
      }
    },
    "node_modules/chak": {
      "version": "0.0.1-security",
      "resolved": "https://registry.npmjs.org/chak/-/chak-0.0.1-security.tgz",
      "integrity": "sha512-yMh8sbW5rWREEcbcxsspucJK2XCSPxfGJkwYfbxF3872X/qVU6dFpwjbXjyGEuhUm8QJ9U/EQetBCTiLUr/C2Q=="
    },
    "node_modules/chalk": {
      "version": "5.0.1",
      "resolved": "https://registry.npmjs.org/chalk/-/chalk-5.0.1.tgz",
      "integrity": "sha512-Fo07WOYGqMfCWHOzSXOt2CxDbC6skS/jO9ynEcmpANMoPrD+W1r1K6Vx7iNm+AQmETU1Xr2t+n8nzkV9t6xh3w==",
      "engines": {
        "node": "^12.17.0 || ^14.13 || >=16.0.0"
      },
      "funding": {
        "url": "https://github.com/chalk/chalk?sponsor=1"
      }
    }
  },
  "dependencies": {
    "chak": {
      "version": "0.0.1-security",
      "resolved": "https://registry.npmjs.org/chak/-/chak-0.0.1-security.tgz",
      "integrity": "sha512-yMh8sbW5rWREEcbcxsspucJK2XCSPxfGJkwYfbxF3872X/qVU6dFpwjbXjyGEuhUm8QJ9U/EQetBCTiLUr/C2Q=="
    },
    "chalk": {
      "version": "5.0.1",
      "resolved": "https://registry.npmjs.org/chalk/-/chalk-5.0.1.tgz",
      "integrity": "sha512-Fo07WOYGqMfCWHOzSXOt2CxDbC6skS/jO9ynEcmpANMoPrD+W1r1K6Vx7iNm+AQmETU1Xr2t+n8nzkV9t6xh3w=="
    }
  }
}
